
Microsoft Visual Studio Solution File, Format Version 12.00
# Visual Studio Version 17
VisualStudioVersion = 17.3.32901.215
MinimumVisualStudioVersion = 10.0.40219.1
Project("{FAE04EC0-301F-11D3-BF4B-00C04F79EFBC}") = "ucgen_kare_dikdörtgen", "ucgen_kare_dikdörtgen\ucgen_kare_dikdörtgen.csproj", "{39068171-16E8-4128-B91F-1685B3946D1D}"
EndProject
Global
	GlobalSection(SolutionConfigurationPlatforms) = preSolution
		Debug|Any CPU = Debug|Any CPU
		Release|Any CPU = Release|Any CPU
	EndGlobalSection
	GlobalSection(ProjectConfigurationPlatforms) = postSolution
		{39068171-16E8-4128-B91F-1685B3946D1D}.Debug|Any CPU.ActiveCfg = Debug|Any CPU
		{39068171-16E8-4128-B91F-1685B3946D1D}.Debug|Any CPU.Build.0 = Debug|Any CPU
		{39068171-16E8-4128-B91F-1685B3946D1D}.Release|Any CPU.ActiveCfg = Release|Any CPU
		{39068171-16E8-4128-B91F-1685B3946D1D}.Release|Any CPU.Build.0 = Release|Any CPU
	EndGlobalSection
	GlobalSection(SolutionProperties) = preSolution
		HideSolutionNode = FALSE
	EndGlobalSection
	GlobalSection(ExtensibilityGlobals) = postSolution
		SolutionGuid = {D98CD913-D283-4642-8A80-3AF08A8A6306}
	EndGlobalSection
EndGlobal
